
Microsoft Visual Studio Solution File, Format Version 12.00
# Visual Studio Version 17
VisualStudioVersion = 17.11.35222.181
MinimumVisualStudioVersion = 10.0.40219.1
Project("{2150E333-8FDC-42A3-9474-1A3956D46DE8}") = "Infrastructure", "Infrastructure", "{16E7A005-4E1A-4DBB-A395-011CE62C1C54}"
EndProject
Project("{9A19103F-16F7-4668-BE54-9A1E7A4F7556}") = "Redactor.Application", "Redactor.Application\Redactor.Application.csproj", "{5A57904A-3BEC-4E7D-BDC9-27D2BF2E71F7}"
EndProject
Project("{9A19103F-16F7-4668-BE54-9A1E7A4F7556}") = "Redactor.Domain", "Redactor.Domain\Redactor.Domain.csproj", "{471536E9-0129-4BF3-A89E-568638F4E8E0}"
EndProject
Project("{2150E333-8FDC-42A3-9474-1A3956D46DE8}") = "Extensions", "Extensions", "{17F20704-B8EC-454F-A39F-EB31CE4D57B9}"
EndProject
Project("{9A19103F-16F7-4668-BE54-9A1E7A4F7556}") = "Redactor.WebAPI", "Redactor.WebAPI\Redactor.WebAPI.csproj", "{C70C6A59-6503-4B18-BD01-30364D67206C}"
EndProject
Project("{9A19103F-16F7-4668-BE54-9A1E7A4F7556}") = "Redactor.Extensions", "Redactor.Extensions\Redactor.Extensions.csproj", "{842BC6ED-60CA-4D1E-824E-C5E327C5641D}"
EndProject
Project("{2150E333-8FDC-42A3-9474-1A3956D46DE8}") = "Persistence", "Persistence", "{6A4335FA-42E2-4897-B77D-CC589E54D80E}"
EndProject
Project("{9A19103F-16F7-4668-BE54-9A1E7A4F7556}") = "Redactor.Repository", "Redactor.Persistence\Redactor.Repository.csproj", "{0920291A-54F6-4061-AB7E-D32ACBA909B5}"
EndProject
Project("{2150E333-8FDC-42A3-9474-1A3956D46DE8}") = "Application", "Application", "{2D6FE5B6-1B4E-4CA7-AA0C-CEA7143B859D}"
EndProject
Project("{2150E333-8FDC-42A3-9474-1A3956D46DE8}") = "Doiman", "Doiman", "{958490BE-3E96-4890-AD88-BA63D4ABBB5D}"
EndProject
Project("{9A19103F-16F7-4668-BE54-9A1E7A4F7556}") = "Redactor.Application.Validators.Browser", "Redactor.Application.Validators\Browser\Redactor.Application.Validators.Browser.csproj", "{355D58A8-F92C-4A1E-8D63-E8F9F0D082B0}"
EndProject
Project("{9A19103F-16F7-4668-BE54-9A1E7A4F7556}") = "Redactor.Application.Validators.DateRange", "Redactor.Application.Validators\DateRange\Redactor.Application.Validators.DateRange.csproj", "{E2A19B0E-12A4-4723-891B-7B72541367A4}"
EndProject
Project("{9A19103F-16F7-4668-BE54-9A1E7A4F7556}") = "Redactor.Application.Validators.Device", "Redactor.Application.Validators\Device\Redactor.Application.Validators.Device.csproj", "{2F4E1FFF-BD5A-482F-A2BF-2E1AA3C318F9}"
EndProject
Project("{9A19103F-16F7-4668-BE54-9A1E7A4F7556}") = "Redactor.Application.Validators.Language", "Redactor.Application.Validators\Language\Redactor.Application.Validators.Language.csproj", "{53B63430-3D6B-402A-A1F1-D641264B3FBB}"
EndProject
Global
	GlobalSection(SolutionConfigurationPlatforms) = preSolution
		Debug|Any CPU = Debug|Any CPU
		Release|Any CPU = Release|Any CPU
	EndGlobalSection
	GlobalSection(ProjectConfigurationPlatforms) = postSolution
		{5A57904A-3BEC-4E7D-BDC9-27D2BF2E71F7}.Debug|Any CPU.ActiveCfg = Debug|Any CPU
		{5A57904A-3BEC-4E7D-BDC9-27D2BF2E71F7}.Debug|Any CPU.Build.0 = Debug|Any CPU
		{5A57904A-3BEC-4E7D-BDC9-27D2BF2E71F7}.Release|Any CPU.ActiveCfg = Release|Any CPU
		{5A57904A-3BEC-4E7D-BDC9-27D2BF2E71F7}.Release|Any CPU.Build.0 = Release|Any CPU
		{471536E9-0129-4BF3-A89E-568638F4E8E0}.Debug|Any CPU.ActiveCfg = Debug|Any CPU
		{471536E9-0129-4BF3-A89E-568638F4E8E0}.Debug|Any CPU.Build.0 = Debug|Any CPU
		{471536E9-0129-4BF3-A89E-568638F4E8E0}.Release|Any CPU.ActiveCfg = Release|Any CPU
		{471536E9-0129-4BF3-A89E-568638F4E8E0}.Release|Any CPU.Build.0 = Release|Any CPU
		{C70C6A59-6503-4B18-BD01-30364D67206C}.Debug|Any CPU.ActiveCfg = Debug|Any CPU
		{C70C6A59-6503-4B18-BD01-30364D67206C}.Debug|Any CPU.Build.0 = Debug|Any CPU
		{C70C6A59-6503-4B18-BD01-30364D67206C}.Release|Any CPU.ActiveCfg = Release|Any CPU
		{C70C6A59-6503-4B18-BD01-30364D67206C}.Release|Any CPU.Build.0 = Release|Any CPU
		{842BC6ED-60CA-4D1E-824E-C5E327C5641D}.Debug|Any CPU.ActiveCfg = Debug|Any CPU
		{842BC6ED-60CA-4D1E-824E-C5E327C5641D}.Debug|Any CPU.Build.0 = Debug|Any CPU
		{842BC6ED-60CA-4D1E-824E-C5E327C5641D}.Release|Any CPU.ActiveCfg = Release|Any CPU
		{842BC6ED-60CA-4D1E-824E-C5E327C5641D}.Release|Any CPU.Build.0 = Release|Any CPU
		{0920291A-54F6-4061-AB7E-D32ACBA909B5}.Debug|Any CPU.ActiveCfg = Debug|Any CPU
		{0920291A-54F6-4061-AB7E-D32ACBA909B5}.Debug|Any CPU.Build.0 = Debug|Any CPU
		{0920291A-54F6-4061-AB7E-D32ACBA909B5}.Release|Any CPU.ActiveCfg = Release|Any CPU
		{0920291A-54F6-4061-AB7E-D32ACBA909B5}.Release|Any CPU.Build.0 = Release|Any CPU
		{355D58A8-F92C-4A1E-8D63-E8F9F0D082B0}.Debug|Any CPU.ActiveCfg = Debug|Any CPU
		{355D58A8-F92C-4A1E-8D63-E8F9F0D082B0}.Debug|Any CPU.Build.0 = Debug|Any CPU
		{355D58A8-F92C-4A1E-8D63-E8F9F0D082B0}.Release|Any CPU.ActiveCfg = Release|Any CPU
		{355D58A8-F92C-4A1E-8D63-E8F9F0D082B0}.Release|Any CPU.Build.0 = Release|Any CPU
		{E2A19B0E-12A4-4723-891B-7B72541367A4}.Debug|Any CPU.ActiveCfg = Debug|Any CPU
		{E2A19B0E-12A4-4723-891B-7B72541367A4}.Debug|Any CPU.Build.0 = Debug|Any CPU
		{E2A19B0E-12A4-4723-891B-7B72541367A4}.Release|Any CPU.ActiveCfg = Release|Any CPU
		{E2A19B0E-12A4-4723-891B-7B72541367A4}.Release|Any CPU.Build.0 = Release|Any CPU
		{2F4E1FFF-BD5A-482F-A2BF-2E1AA3C318F9}.Debug|Any CPU.ActiveCfg = Debug|Any CPU
		{2F4E1FFF-BD5A-482F-A2BF-2E1AA3C318F9}.Debug|Any CPU.Build.0 = Debug|Any CPU
		{2F4E1FFF-BD5A-482F-A2BF-2E1AA3C318F9}.Release|Any CPU.ActiveCfg = Release|Any CPU
		{2F4E1FFF-BD5A-482F-A2BF-2E1AA3C318F9}.Release|Any CPU.Build.0 = Release|Any CPU
		{53B63430-3D6B-402A-A1F1-D641264B3FBB}.Debug|Any CPU.ActiveCfg = Debug|Any CPU
		{53B63430-3D6B-402A-A1F1-D641264B3FBB}.Debug|Any CPU.Build.0 = Debug|Any CPU
		{53B63430-3D6B-402A-A1F1-D641264B3FBB}.Release|Any CPU.ActiveCfg = Release|Any CPU
		{53B63430-3D6B-402A-A1F1-D641264B3FBB}.Release|Any CPU.Build.0 = Release|Any CPU
	EndGlobalSection
	GlobalSection(SolutionProperties) = preSolution
		HideSolutionNode = FALSE
	EndGlobalSection
	GlobalSection(NestedProjects) = preSolution
		{5A57904A-3BEC-4E7D-BDC9-27D2BF2E71F7} = {2D6FE5B6-1B4E-4CA7-AA0C-CEA7143B859D}
		{471536E9-0129-4BF3-A89E-568638F4E8E0} = {958490BE-3E96-4890-AD88-BA63D4ABBB5D}
		{842BC6ED-60CA-4D1E-824E-C5E327C5641D} = {17F20704-B8EC-454F-A39F-EB31CE4D57B9}
		{0920291A-54F6-4061-AB7E-D32ACBA909B5} = {6A4335FA-42E2-4897-B77D-CC589E54D80E}
		{355D58A8-F92C-4A1E-8D63-E8F9F0D082B0} = {2D6FE5B6-1B4E-4CA7-AA0C-CEA7143B859D}
		{E2A19B0E-12A4-4723-891B-7B72541367A4} = {2D6FE5B6-1B4E-4CA7-AA0C-CEA7143B859D}
		{2F4E1FFF-BD5A-482F-A2BF-2E1AA3C318F9} = {2D6FE5B6-1B4E-4CA7-AA0C-CEA7143B859D}
		{53B63430-3D6B-402A-A1F1-D641264B3FBB} = {2D6FE5B6-1B4E-4CA7-AA0C-CEA7143B859D}
	EndGlobalSection
	GlobalSection(ExtensibilityGlobals) = postSolution
		SolutionGuid = {2016E060-0D31-4315-A0B3-F7C34E07283C}
	EndGlobalSection
EndGlobal
